
Microsoft Visual Studio Solution File, Format Version 12.00
# Visual Studio Version 17
VisualStudioVersion = 17.3.32901.215
MinimumVisualStudioVersion = 10.0.40219.1
Project("{FAE04EC0-301F-11D3-BF4B-00C04F79EFBC}") = "eTickets", "eTickets\eTickets.csproj", "{DC924AF7-9FA8-4943-A050-093A9E67F953}"
EndProject
Global
	GlobalSection(SolutionConfigurationPlatforms) = preSolution
		Debug|Any CPU = Debug|Any CPU
		Release|Any CPU = Release|Any CPU
	EndGlobalSection
	GlobalSection(ProjectConfigurationPlatforms) = postSolution
		{DC924AF7-9FA8-4943-A050-093A9E67F953}.Debug|Any CPU.ActiveCfg = Debug|Any CPU
		{DC924AF7-9FA8-4943-A050-093A9E67F953}.Debug|Any CPU.Build.0 = Debug|Any CPU
		{DC924AF7-9FA8-4943-A050-093A9E67F953}.Release|Any CPU.ActiveCfg = Release|Any CPU
		{DC924AF7-9FA8-4943-A050-093A9E67F953}.Release|Any CPU.Build.0 = Release|Any CPU
	EndGlobalSection
	GlobalSection(SolutionProperties) = preSolution
		HideSolutionNode = FALSE
	EndGlobalSection
	GlobalSection(ExtensibilityGlobals) = postSolution
		SolutionGuid = {9343FCF1-9556-43B4-877B-1D06F386E475}
	EndGlobalSection
EndGlobal
